Microsoft Visual Studio Solution File, Format Version 11.00
# Visual Studio 2008

Project("{1BA321C9-4758-B51B-8F81-746DE981DBB2}") = "2D-Tank-Test", "Assembly-CSharp.csproj", "{8B4F9909-F9E1-F1DF-F87F-E0329BC6DC52}"
EndProject
Project("{1BA321C9-4758-B51B-8F81-746DE981DBB2}") = "2D-Tank-Test", "Assembly-CSharp-Editor.csproj", "{68B6AFB4-F2BF-8302-6501-24E298D09B60}"
EndProject
Global
	GlobalSection(SolutionConfigurationPlatforms) = preSolution
		Debug|Any CPU = Debug|Any CPU
		Release|Any CPU = Release|Any CPU
	EndGlobalSection
	GlobalSection(ProjectConfigurationPlatforms) = postSolution
		{8B4F9909-F9E1-F1DF-F87F-E0329BC6DC52}.Debug|Any CPU.ActiveCfg = Debug|Any CPU
		{8B4F9909-F9E1-F1DF-F87F-E0329BC6DC52}.Debug|Any CPU.Build.0 = Debug|Any CPU
		{8B4F9909-F9E1-F1DF-F87F-E0329BC6DC52}.Release|Any CPU.ActiveCfg = Release|Any CPU
		{8B4F9909-F9E1-F1DF-F87F-E0329BC6DC52}.Release|Any CPU.Build.0 = Release|Any CPU
		{68B6AFB4-F2BF-8302-6501-24E298D09B60}.Debug|Any CPU.ActiveCfg = Debug|Any CPU
		{68B6AFB4-F2BF-8302-6501-24E298D09B60}.Debug|Any CPU.Build.0 = Debug|Any CPU
		{68B6AFB4-F2BF-8302-6501-24E298D09B60}.Release|Any CPU.ActiveCfg = Release|Any CPU
		{68B6AFB4-F2BF-8302-6501-24E298D09B60}.Release|Any CPU.Build.0 = Release|Any CPU
	EndGlobalSection
	GlobalSection(SolutionProperties) = preSolution
		HideSolutionNode = FALSE
	EndGlobalSection
																																						GlobalSection(MonoDevelopProperties) = preSolution
		StartupItem = Assembly-CSharp.csproj
		Policies = $0
		$0.TextStylePolicy = $1
		$1.inheritsSet = null
		$1.scope = text/x-csharp
		$0.CSharpFormattingPolicy = $2
		$2.inheritsSet = Mono
		$2.inheritsScope = text/x-csharp
		$2.scope = text/x-csharp
		$0.TextStylePolicy = $3
		$3.FileWidth = 120
		$3.TabWidth = 4
		$3.IndentWidth = 4
		$3.EolMarker = Unix
		$3.inheritsSet = Mono
		$3.inheritsScope = text/plain
		$3.scope = text/plain
	EndGlobalSection

EndGlobal
